
Microsoft Visual Studio Solution File, Format Version 12.00
# Visual Studio 2012
Project("{FAE04EC0-301F-11D3-BF4B-00C04F79EFBC}") = "unity.extensions", "unity.extensions.csproj", "{C52900FB-C0CB-429A-8213-EEC4A12949E7}"
EndProject
Project("{FAE04EC0-301F-11D3-BF4B-00C04F79EFBC}") = "unity.extensions.tests", "..\unity.extensions.tests\unity.extensions.tests.csproj", "{F61616E6-A634-4687-9EF7-6428AD392629}"
EndProject
Project("{FAE04EC0-301F-11D3-BF4B-00C04F79EFBC}") = "unity.extensions.logging", "unity.extensions.logging\unity.extensions.logging.csproj", "{71F8E286-AAA7-4FA4-97BA-098D618354CB}"
EndProject
Global
	GlobalSection(SolutionConfigurationPlatforms) = preSolution
		Debug|Any CPU = Debug|Any CPU
		Release|Any CPU = Release|Any CPU
	EndGlobalSection
	GlobalSection(ProjectConfigurationPlatforms) = postSolution
		{C52900FB-C0CB-429A-8213-EEC4A12949E7}.Debug|Any CPU.ActiveCfg = Debug|Any CPU
		{C52900FB-C0CB-429A-8213-EEC4A12949E7}.Debug|Any CPU.Build.0 = Debug|Any CPU
		{C52900FB-C0CB-429A-8213-EEC4A12949E7}.Release|Any CPU.ActiveCfg = Release|Any CPU
		{C52900FB-C0CB-429A-8213-EEC4A12949E7}.Release|Any CPU.Build.0 = Release|Any CPU
		{F61616E6-A634-4687-9EF7-6428AD392629}.Debug|Any CPU.ActiveCfg = Debug|Any CPU
		{F61616E6-A634-4687-9EF7-6428AD392629}.Debug|Any CPU.Build.0 = Debug|Any CPU
		{F61616E6-A634-4687-9EF7-6428AD392629}.Release|Any CPU.ActiveCfg = Release|Any CPU
		{F61616E6-A634-4687-9EF7-6428AD392629}.Release|Any CPU.Build.0 = Release|Any CPU
		{71F8E286-AAA7-4FA4-97BA-098D618354CB}.Debug|Any CPU.ActiveCfg = Debug|Any CPU
		{71F8E286-AAA7-4FA4-97BA-098D618354CB}.Debug|Any CPU.Build.0 = Debug|Any CPU
		{71F8E286-AAA7-4FA4-97BA-098D618354CB}.Release|Any CPU.ActiveCfg = Release|Any CPU
		{71F8E286-AAA7-4FA4-97BA-098D618354CB}.Release|Any CPU.Build.0 = Release|Any CPU
	EndGlobalSection
	GlobalSection(SolutionProperties) = preSolution
		HideSolutionNode = FALSE
	EndGlobalSection
	GlobalSection(ExtensibilityGlobals) = postSolution
		EnterpriseLibraryConfigurationToolBinariesPath = packages\Unity.2.1.505.2\lib\NET35
	EndGlobalSection
EndGlobal
